Microsoft Visual Studio Solution File, Format Version 12.00
# Visual Studio 15
VisualStudioVersion = 15.0.28307.271
MinimumVisualStudioVersion = 10.0.40219.1
Project("{FAE04EC0-301F-11D3-BF4B-00C04F79EFBC}") = "NotifyLib", "NotifyLib\NotifyLib.csproj", "{34E579D5-589D-417E-AB01-66570B623318}"
EndProject
Project("{FAE04EC0-301F-11D3-BF4B-00C04F79EFBC}") = "NotifyLib.Test", "NotifyLib.Test\NotifyLib.Test.csproj", "{2A455058-4D4D-44E2-A067-C8F54D826748}"
EndProject
Global
	GlobalSection(SolutionConfigurationPlatforms) = preSolution
		Debug|Any CPU = Debug|Any CPU
		Release|Any CPU = Release|Any CPU
	EndGlobalSection
	GlobalSection(ProjectConfigurationPlatforms) = postSolution
		{34E579D5-589D-417E-AB01-66570B623318}.Debug|Any CPU.ActiveCfg = Debug|Any CPU
		{34E579D5-589D-417E-AB01-66570B623318}.Debug|Any CPU.Build.0 = Debug|Any CPU
		{34E579D5-589D-417E-AB01-66570B623318}.Release|Any CPU.ActiveCfg = Release|Any CPU
		{34E579D5-589D-417E-AB01-66570B623318}.Release|Any CPU.Build.0 = Release|Any CPU
		{2A455058-4D4D-44E2-A067-C8F54D826748}.Debug|Any CPU.ActiveCfg = Debug|Any CPU
		{2A455058-4D4D-44E2-A067-C8F54D826748}.Debug|Any CPU.Build.0 = Debug|Any CPU
		{2A455058-4D4D-44E2-A067-C8F54D826748}.Release|Any CPU.ActiveCfg = Release|Any CPU
		{2A455058-4D4D-44E2-A067-C8F54D826748}.Release|Any CPU.Build.0 = Release|Any CPU
	EndGlobalSection
	GlobalSection(SolutionProperties) = preSolution
		HideSolutionNode = FALSE
	EndGlobalSection
	GlobalSection(ExtensibilityGlobals) = postSolution
		SolutionGuid = {2CB60CF3-8C88-4679-AEDC-0A831AB2ACCC}
	EndGlobalSection
EndGlobal
